
Microsoft Visual Studio Solution File, Format Version 12.00
# Visual Studio 15
VisualStudioVersion = 15.0.28307.489
MinimumVisualStudioVersion = 10.0.40219.1
Project("{FAE04EC0-301F-11D3-BF4B-00C04F79EFBC}") = "StackOverflowProject", "StackOverflowProject\StackOverflowProject.csproj", "{505BD160-EAB0-45A2-B8CF-20810A2652C3}"
EndProject
Project("{FAE04EC0-301F-11D3-BF4B-00C04F79EFBC}") = "StackOverflowProject.DomainModels", "StackOverflowProject.DomainModels\StackOverflowProject.DomainModels.csproj", "{4FD4DE6D-2CBC-415D-AEE4-9A9FED36202D}"
EndProject
Project("{FAE04EC0-301F-11D3-BF4B-00C04F79EFBC}") = "StackOverflowProject.ViewModels", "StackOverflowProject.ViewModels\StackOverflowProject.ViewModels.csproj", "{E6DB84AE-8465-425C-9283-EF1EEF1275A8}"
EndProject
Project("{FAE04EC0-301F-11D3-BF4B-00C04F79EFBC}") = "StackOverflowProject.Repositories", "StackOverflowProject.Repositories\StackOverflowProject.Repositories.csproj", "{BD6A9E63-FA75-4D75-8301-BD4A4DB6FA04}"
EndProject
Project("{FAE04EC0-301F-11D3-BF4B-00C04F79EFBC}") = "StackOverflowProject.ServiceLayer", "StackOverflowProject.ServiceLayer\StackOverflowProject.ServiceLayer.csproj", "{D845398B-8D21-44B6-B621-AB81346C39E5}"
EndProject
Global
	GlobalSection(SolutionConfigurationPlatforms) = preSolution
		Debug|Any CPU = Debug|Any CPU
		Release|Any CPU = Release|Any CPU
	EndGlobalSection
	GlobalSection(ProjectConfigurationPlatforms) = postSolution
		{505BD160-EAB0-45A2-B8CF-20810A2652C3}.Debug|Any CPU.ActiveCfg = Debug|Any CPU
		{505BD160-EAB0-45A2-B8CF-20810A2652C3}.Debug|Any CPU.Build.0 = Debug|Any CPU
		{505BD160-EAB0-45A2-B8CF-20810A2652C3}.Release|Any CPU.ActiveCfg = Release|Any CPU
		{505BD160-EAB0-45A2-B8CF-20810A2652C3}.Release|Any CPU.Build.0 = Release|Any CPU
		{4FD4DE6D-2CBC-415D-AEE4-9A9FED36202D}.Debug|Any CPU.ActiveCfg = Debug|Any CPU
		{4FD4DE6D-2CBC-415D-AEE4-9A9FED36202D}.Debug|Any CPU.Build.0 = Debug|Any CPU
		{4FD4DE6D-2CBC-415D-AEE4-9A9FED36202D}.Release|Any CPU.ActiveCfg = Release|Any CPU
		{4FD4DE6D-2CBC-415D-AEE4-9A9FED36202D}.Release|Any CPU.Build.0 = Release|Any CPU
		{E6DB84AE-8465-425C-9283-EF1EEF1275A8}.Debug|Any CPU.ActiveCfg = Debug|Any CPU
		{E6DB84AE-8465-425C-9283-EF1EEF1275A8}.Debug|Any CPU.Build.0 = Debug|Any CPU
		{E6DB84AE-8465-425C-9283-EF1EEF1275A8}.Release|Any CPU.ActiveCfg = Release|Any CPU
		{E6DB84AE-8465-425C-9283-EF1EEF1275A8}.Release|Any CPU.Build.0 = Release|Any CPU
		{BD6A9E63-FA75-4D75-8301-BD4A4DB6FA04}.Debug|Any CPU.ActiveCfg = Debug|Any CPU
		{BD6A9E63-FA75-4D75-8301-BD4A4DB6FA04}.Debug|Any CPU.Build.0 = Debug|Any CPU
		{BD6A9E63-FA75-4D75-8301-BD4A4DB6FA04}.Release|Any CPU.ActiveCfg = Release|Any CPU
		{BD6A9E63-FA75-4D75-8301-BD4A4DB6FA04}.Release|Any CPU.Build.0 = Release|Any CPU
		{D845398B-8D21-44B6-B621-AB81346C39E5}.Debug|Any CPU.ActiveCfg = Debug|Any CPU
		{D845398B-8D21-44B6-B621-AB81346C39E5}.Debug|Any CPU.Build.0 = Debug|Any CPU
		{D845398B-8D21-44B6-B621-AB81346C39E5}.Release|Any CPU.ActiveCfg = Release|Any CPU
		{D845398B-8D21-44B6-B621-AB81346C39E5}.Release|Any CPU.Build.0 = Release|Any CPU
	EndGlobalSection
	GlobalSection(SolutionProperties) = preSolution
		HideSolutionNode = FALSE
	EndGlobalSection
	GlobalSection(ExtensibilityGlobals) = postSolution
		SolutionGuid = {14FB6FD0-0ED0-4C05-BEB0-DFF733533577}
	EndGlobalSection
EndGlobal
